
Microsoft Visual Studio Solution File, Format Version 12.00
# Visual Studio Version 16
VisualStudioVersion = 16.0.30907.101
MinimumVisualStudioVersion = 10.0.40219.1
Project("{FAE04EC0-301F-11D3-BF4B-00C04F79EFBC}") = "DIS_Assignment", "DIS_Assignment\DIS_Assignment.csproj", "{03868387-D810-4B5A-9249-B89E7720D287}"
EndProject
Global
	GlobalSection(SolutionConfigurationPlatforms) = preSolution
		Debug|Any CPU = Debug|Any CPU
		Release|Any CPU = Release|Any CPU
	EndGlobalSection
	GlobalSection(ProjectConfigurationPlatforms) = postSolution
		{03868387-D810-4B5A-9249-B89E7720D287}.Debug|Any CPU.ActiveCfg = Debug|Any CPU
		{03868387-D810-4B5A-9249-B89E7720D287}.Debug|Any CPU.Build.0 = Debug|Any CPU
		{03868387-D810-4B5A-9249-B89E7720D287}.Release|Any CPU.ActiveCfg = Release|Any CPU
		{03868387-D810-4B5A-9249-B89E7720D287}.Release|Any CPU.Build.0 = Release|Any CPU
	EndGlobalSection
	GlobalSection(SolutionProperties) = preSolution
		HideSolutionNode = FALSE
	EndGlobalSection
	GlobalSection(ExtensibilityGlobals) = postSolution
		SolutionGuid = {2C0E7D1F-9755-447E-88AB-56F5982BF948}
	EndGlobalSection
EndGlobal
